
Microsoft Visual Studio Solution File, Format Version 12.00
# Visual Studio Version 17
VisualStudioVersion = 17.4.33122.133
MinimumVisualStudioVersion = 10.0.40219.1
Project("{8BC9CEB8-8B4A-11D0-8D11-00A0C91BC942}") = "Engine", "Engine\Engine.vcxproj", "{BE7D6AC1-3E0D-4D34-AD8E-0E51C1CCF7E2}"
EndProject
Project("{8BC9CEB8-8B4A-11D0-8D11-00A0C91BC942}") = "Sandbox", "Sandbox\Sandbox.vcxproj", "{E61FD37F-D43D-4C83-802B-E4D8886755A9}"
EndProject
Global
	GlobalSection(SolutionConfigurationPlatforms) = preSolution
		Debug|x64 = Debug|x64
		Debug|x86 = Debug|x86
		Release|x64 = Release|x64
		Release|x86 = Release|x86
	EndGlobalSection
	GlobalSection(ProjectConfigurationPlatforms) = postSolution
		{BE7D6AC1-3E0D-4D34-AD8E-0E51C1CCF7E2}.Debug|x64.ActiveCfg = Debug|x64
		{BE7D6AC1-3E0D-4D34-AD8E-0E51C1CCF7E2}.Debug|x64.Build.0 = Debug|x64
		{BE7D6AC1-3E0D-4D34-AD8E-0E51C1CCF7E2}.Debug|x86.ActiveCfg = Debug|x64
		{BE7D6AC1-3E0D-4D34-AD8E-0E51C1CCF7E2}.Release|x64.ActiveCfg = Release|x64
		{BE7D6AC1-3E0D-4D34-AD8E-0E51C1CCF7E2}.Release|x64.Build.0 = Release|x64
		{BE7D6AC1-3E0D-4D34-AD8E-0E51C1CCF7E2}.Release|x86.ActiveCfg = Release|x64
		{E61FD37F-D43D-4C83-802B-E4D8886755A9}.Debug|x64.ActiveCfg = Debug|x64
		{E61FD37F-D43D-4C83-802B-E4D8886755A9}.Debug|x64.Build.0 = Debug|x64
		{E61FD37F-D43D-4C83-802B-E4D8886755A9}.Debug|x86.ActiveCfg = Debug|Win32
		{E61FD37F-D43D-4C83-802B-E4D8886755A9}.Debug|x86.Build.0 = Debug|Win32
		{E61FD37F-D43D-4C83-802B-E4D8886755A9}.Release|x64.ActiveCfg = Release|x64
		{E61FD37F-D43D-4C83-802B-E4D8886755A9}.Release|x64.Build.0 = Release|x64
		{E61FD37F-D43D-4C83-802B-E4D8886755A9}.Release|x86.ActiveCfg = Release|x64
	EndGlobalSection
	GlobalSection(SolutionProperties) = preSolution
		HideSolutionNode = FALSE
	EndGlobalSection
	GlobalSection(ExtensibilityGlobals) = postSolution
		SolutionGuid = {9FC4AC8B-EB77-4FA8-BED9-54E9BBEA4C18}
	EndGlobalSection
EndGlobal
